
Microsoft Visual Studio Solution File, Format Version 12.00
# Visual Studio Version 17
VisualStudioVersion = 17.6.33723.286
MinimumVisualStudioVersion = 10.0.40219.1
Project("{FAE04EC0-301F-11D3-BF4B-00C04F79EFBC}") = "reaper", "reaper.csproj", "{76D7D207-E319-4DB6-809A-35A4F210F853}"
EndProject
Global
	GlobalSection(SolutionConfigurationPlatforms) = preSolution
		Debug|Any CPU = Debug|Any CPU
		Release|Any CPU = Release|Any CPU
	EndGlobalSection
	GlobalSection(ProjectConfigurationPlatforms) = postSolution
		{76D7D207-E319-4DB6-809A-35A4F210F853}.Debug|Any CPU.ActiveCfg = Debug|Any CPU
		{76D7D207-E319-4DB6-809A-35A4F210F853}.Debug|Any CPU.Build.0 = Debug|Any CPU
		{76D7D207-E319-4DB6-809A-35A4F210F853}.Release|Any CPU.ActiveCfg = Release|Any CPU
		{76D7D207-E319-4DB6-809A-35A4F210F853}.Release|Any CPU.Build.0 = Release|Any CPU
	EndGlobalSection
	GlobalSection(SolutionProperties) = preSolution
		HideSolutionNode = FALSE
	EndGlobalSection
	GlobalSection(ExtensibilityGlobals) = postSolution
		SolutionGuid = {1C32D335-D0BB-4BAA-8307-B7ED7F887C7C}
	EndGlobalSection
EndGlobal
